
Microsoft Visual Studio Solution File, Format Version 12.00
# Visual Studio Version 16
VisualStudioVersion = 16.0.32510.428
MinimumVisualStudioVersion = 10.0.40219.1
Project("{FAE04EC0-301F-11D3-BF4B-00C04F79EFBC}") = "WPF 1", "WPF 1\WPF 1.csproj", "{A6B5F97B-1FBD-49D6-A228-2B4F409255B3}"
EndProject
Global
	GlobalSection(SolutionConfigurationPlatforms) = preSolution
		Debug|Any CPU = Debug|Any CPU
		Release|Any CPU = Release|Any CPU
	EndGlobalSection
	GlobalSection(ProjectConfigurationPlatforms) = postSolution
		{A6B5F97B-1FBD-49D6-A228-2B4F409255B3}.Debug|Any CPU.ActiveCfg = Debug|Any CPU
		{A6B5F97B-1FBD-49D6-A228-2B4F409255B3}.Debug|Any CPU.Build.0 = Debug|Any CPU
		{A6B5F97B-1FBD-49D6-A228-2B4F409255B3}.Release|Any CPU.ActiveCfg = Release|Any CPU
		{A6B5F97B-1FBD-49D6-A228-2B4F409255B3}.Release|Any CPU.Build.0 = Release|Any CPU
	EndGlobalSection
	GlobalSection(SolutionProperties) = preSolution
		HideSolutionNode = FALSE
	EndGlobalSection
	GlobalSection(ExtensibilityGlobals) = postSolution
		SolutionGuid = {5F756170-2A65-4FD3-B304-27C4BDF966D8}
	EndGlobalSection
EndGlobal
